{
  "name": "easylink-website",
  "lockfileVersion": 3,
  "requires": true,
  "packages": {
    "": {
      "dependencies": {
        "astro": "7.0.5",
        "typescript": "6.0.3"
      },
      "devDependencies": {},
      "name": "easylink-website",
      "version": "0.0.0"
    }
  },
  "version": "0.0.0"
}
